
Microsoft Visual Studio Solution File, Format Version 12.00
# Visual Studio Version 16
VisualStudioVersion = 16.0.31624.102
MinimumVisualStudioVersion = 10.0.40219.1
Project("{FAE04EC0-301F-11D3-BF4B-00C04F79EFBC}") = "FR-LuuVanDat", "FR-LuuVanDat\FR-LuuVanDat.csproj", "{41203F98-0D76-41EB-9AAC-ACAA989ECBA5}"
EndProject
Project("{2150E333-8FDC-42A3-9474-1A3956D46DE8}") = "Basic CSharp", "Basic CSharp", "{99B8E5DB-9DF0-45B5-AD10-883A5740A87A}"
EndProject
Project("{2150E333-8FDC-42A3-9474-1A3956D46DE8}") = "Basic OOP", "Basic OOP", "{6F7FE591-C202-40EC-AE05-D9DA468E641C}"
EndProject
Project("{2150E333-8FDC-42A3-9474-1A3956D46DE8}") = "Advanced CSharp", "Advanced CSharp", "{3A94DB27-7D41-4DBB-8A9F-56B7CC848936}"
EndProject
Project("{FAE04EC0-301F-11D3-BF4B-00C04F79EFBC}") = "HelloWord", "HelloWord\HelloWord.csproj", "{E0AB2727-8F70-4AE4-AB7A-D16964A9200E}"
EndProject
Global
	GlobalSection(SolutionConfigurationPlatforms) = preSolution
		Debug|Any CPU = Debug|Any CPU
		Release|Any CPU = Release|Any CPU
	EndGlobalSection
	GlobalSection(ProjectConfigurationPlatforms) = postSolution
		{41203F98-0D76-41EB-9AAC-ACAA989ECBA5}.Debug|Any CPU.ActiveCfg = Debug|Any CPU
		{41203F98-0D76-41EB-9AAC-ACAA989ECBA5}.Debug|Any CPU.Build.0 = Debug|Any CPU
		{41203F98-0D76-41EB-9AAC-ACAA989ECBA5}.Release|Any CPU.ActiveCfg = Release|Any CPU
		{41203F98-0D76-41EB-9AAC-ACAA989ECBA5}.Release|Any CPU.Build.0 = Release|Any CPU
		{E0AB2727-8F70-4AE4-AB7A-D16964A9200E}.Debug|Any CPU.ActiveCfg = Debug|Any CPU
		{E0AB2727-8F70-4AE4-AB7A-D16964A9200E}.Debug|Any CPU.Build.0 = Debug|Any CPU
		{E0AB2727-8F70-4AE4-AB7A-D16964A9200E}.Release|Any CPU.ActiveCfg = Release|Any CPU
		{E0AB2727-8F70-4AE4-AB7A-D16964A9200E}.Release|Any CPU.Build.0 = Release|Any CPU
	EndGlobalSection
	GlobalSection(SolutionProperties) = preSolution
		HideSolutionNode = FALSE
	EndGlobalSection
	GlobalSection(NestedProjects) = preSolution
		{E0AB2727-8F70-4AE4-AB7A-D16964A9200E} = {99B8E5DB-9DF0-45B5-AD10-883A5740A87A}
	EndGlobalSection
	GlobalSection(ExtensibilityGlobals) = postSolution
		SolutionGuid = {A080D18D-85A3-44B0-B1CF-673E16E74689}
	EndGlobalSection
EndGlobal
